
Microsoft Visual Studio Solution File, Format Version 12.00
# Visual Studio Version 16
VisualStudioVersion = 16.0.30907.101
MinimumVisualStudioVersion = 10.0.40219.1
Project("{FAE04EC0-301F-11D3-BF4B-00C04F79EFBC}") = "ToDo003", "ToDo003\ToDo003.csproj", "{45AF613E-FED5-4D5A-B558-10D9B9D7577D}"
EndProject
Project("{FAE04EC0-301F-11D3-BF4B-00C04F79EFBC}") = "ClassLibrary1", "ClassLibrary1\ClassLibrary1.csproj", "{642F733F-44BF-408A-98F8-B85AC3D1183C}"
EndProject
Global
	GlobalSection(SolutionConfigurationPlatforms) = preSolution
		Debug|Any CPU = Debug|Any CPU
		Release|Any CPU = Release|Any CPU
	EndGlobalSection
	GlobalSection(ProjectConfigurationPlatforms) = postSolution
		{45AF613E-FED5-4D5A-B558-10D9B9D7577D}.Debug|Any CPU.ActiveCfg = Debug|Any CPU
		{45AF613E-FED5-4D5A-B558-10D9B9D7577D}.Debug|Any CPU.Build.0 = Debug|Any CPU
		{45AF613E-FED5-4D5A-B558-10D9B9D7577D}.Release|Any CPU.ActiveCfg = Release|Any CPU
		{45AF613E-FED5-4D5A-B558-10D9B9D7577D}.Release|Any CPU.Build.0 = Release|Any CPU
		{642F733F-44BF-408A-98F8-B85AC3D1183C}.Debug|Any CPU.ActiveCfg = Debug|Any CPU
		{642F733F-44BF-408A-98F8-B85AC3D1183C}.Debug|Any CPU.Build.0 = Debug|Any CPU
		{642F733F-44BF-408A-98F8-B85AC3D1183C}.Release|Any CPU.ActiveCfg = Release|Any CPU
		{642F733F-44BF-408A-98F8-B85AC3D1183C}.Release|Any CPU.Build.0 = Release|Any CPU
	EndGlobalSection
	GlobalSection(SolutionProperties) = preSolution
		HideSolutionNode = FALSE
	EndGlobalSection
	GlobalSection(ExtensibilityGlobals) = postSolution
		SolutionGuid = {C574EAC6-51FB-4B74-8D78-6490B24AC443}
	EndGlobalSection
EndGlobal
